
Microsoft Visual Studio Solution File, Format Version 12.00
Project("{FAE04EC0-301F-11D3-BF4B-00C04F79EFBC}") = "ReqnrollXNunit.Tests.Reqnroll", "ReqnrollXNunit.Tests.Reqnroll\ReqnrollXNunit.Tests.Reqnroll.csproj", "{1ECB6841-EB31-4AB9-A8FE-04427FC0A380}"
EndProject
Project("{FAE04EC0-301F-11D3-BF4B-00C04F79EFBC}") = "ReqnrollXnunit.Tests.Nunit", "ReqnrollXnunit.Tests.Nunit\ReqnrollXnunit.Tests.Nunit.csproj", "{D6A129DB-5841-4FC6-98D7-6A38D1B85BDB}"
EndProject
Global
	GlobalSection(SolutionConfigurationPlatforms) = preSolution
		Debug|Any CPU = Debug|Any CPU
		Release|Any CPU = Release|Any CPU
	EndGlobalSection
	GlobalSection(ProjectConfigurationPlatforms) = postSolution
		{1ECB6841-EB31-4AB9-A8FE-04427FC0A380}.Debug|Any CPU.ActiveCfg = Debug|Any CPU
		{1ECB6841-EB31-4AB9-A8FE-04427FC0A380}.Debug|Any CPU.Build.0 = Debug|Any CPU
		{1ECB6841-EB31-4AB9-A8FE-04427FC0A380}.Release|Any CPU.ActiveCfg = Release|Any CPU
		{1ECB6841-EB31-4AB9-A8FE-04427FC0A380}.Release|Any CPU.Build.0 = Release|Any CPU
		{D6A129DB-5841-4FC6-98D7-6A38D1B85BDB}.Debug|Any CPU.ActiveCfg = Debug|Any CPU
		{D6A129DB-5841-4FC6-98D7-6A38D1B85BDB}.Debug|Any CPU.Build.0 = Debug|Any CPU
		{D6A129DB-5841-4FC6-98D7-6A38D1B85BDB}.Release|Any CPU.ActiveCfg = Release|Any CPU
		{D6A129DB-5841-4FC6-98D7-6A38D1B85BDB}.Release|Any CPU.Build.0 = Release|Any CPU
	EndGlobalSection
EndGlobal
